
Microsoft Visual Studio Solution File, Format Version 12.00
# Visual Studio 15
VisualStudioVersion = 15.0.28307.960
MinimumVisualStudioVersion = 10.0.40219.1
Project("{8BC9CEB8-8B4A-11D0-8D11-00A0C91BC942}") = "ch3.6", "ch3.6\ch3.6.vcxproj", "{7F835C9C-7BB8-4F71-9D92-1B47918DC959}"
EndProject
Project("{2150E333-8FDC-42A3-9474-1A3956D46DE8}") = "ch3", "ch3", "{EC522CFF-89E6-4ECC-8ADA-79B5BF4A47F2}"
EndProject
Project("{8BC9CEB8-8B4A-11D0-8D11-00A0C91BC942}") = "ch3.7", "ch3.7\ch3.7.vcxproj", "{FB03C9C3-E96E-4215-A7FE-A586C35587D5}"
EndProject
Project("{8BC9CEB8-8B4A-11D0-8D11-00A0C91BC942}") = "ch3.9", "ch3.9\ch3.9.vcxproj", "{4CDF4D78-BEE6-4F01-96BB-EF505040079F}"
EndProject
Project("{8BC9CEB8-8B4A-11D0-8D11-00A0C91BC942}") = "ch3.10", "ch3.10\ch3.10.vcxproj", "{187B75EE-A13C-4A4F-976E-637DDB49123A}"
EndProject
Project("{8BC9CEB8-8B4A-11D0-8D11-00A0C91BC942}") = "ch3.11", "ch3.11\ch3.11.vcxproj", "{68616D01-ACDD-4D9F-8BA8-9D81C6DA9991}"
EndProject
Project("{8BC9CEB8-8B4A-11D0-8D11-00A0C91BC942}") = "ch3.12", "ch3.12\ch3.12.vcxproj", "{9BCC7D7C-BEBC-4B57-95E5-CF6BF6F1F6A9}"
EndProject
Project("{8BC9CEB8-8B4A-11D0-8D11-00A0C91BC942}") = "ch3.13", "ch3.13\ch3.13.vcxproj", "{C296B88F-6330-43AE-B3B3-D46BEA4550DD}"
EndProject
Project("{8BC9CEB8-8B4A-11D0-8D11-00A0C91BC942}") = "ch3.17", "ch3.17\ch3.17.vcxproj", "{8C3D34E7-3BD9-4BC5-A53C-AD5C9497895C}"
EndProject
Project("{8BC9CEB8-8B4A-11D0-8D11-00A0C91BC942}") = "ch3.18", "ch3.18\ch3.18.vcxproj", "{939F2FFC-A695-4794-BD61-32C6DAE9EC0D}"
EndProject
Project("{8BC9CEB8-8B4A-11D0-8D11-00A0C91BC942}") = "ch3.19", "ch3.19\ch3.19.vcxproj", "{6525A743-DBBC-4010-AFAD-EAE1C17DA283}"
EndProject
Global
	GlobalSection(SolutionConfigurationPlatforms) = preSolution
		Debug|x64 = Debug|x64
		Debug|x86 = Debug|x86
		Release|x64 = Release|x64
		Release|x86 = Release|x86
	EndGlobalSection
	GlobalSection(ProjectConfigurationPlatforms) = postSolution
		{7F835C9C-7BB8-4F71-9D92-1B47918DC959}.Debug|x64.ActiveCfg = Debug|x64
		{7F835C9C-7BB8-4F71-9D92-1B47918DC959}.Debug|x64.Build.0 = Debug|x64
		{7F835C9C-7BB8-4F71-9D92-1B47918DC959}.Debug|x86.ActiveCfg = Debug|Win32
		{7F835C9C-7BB8-4F71-9D92-1B47918DC959}.Debug|x86.Build.0 = Debug|Win32
		{7F835C9C-7BB8-4F71-9D92-1B47918DC959}.Release|x64.ActiveCfg = Release|x64
		{7F835C9C-7BB8-4F71-9D92-1B47918DC959}.Release|x64.Build.0 = Release|x64
		{7F835C9C-7BB8-4F71-9D92-1B47918DC959}.Release|x86.ActiveCfg = Release|Win32
		{7F835C9C-7BB8-4F71-9D92-1B47918DC959}.Release|x86.Build.0 = Release|Win32
		{FB03C9C3-E96E-4215-A7FE-A586C35587D5}.Debug|x64.ActiveCfg = Debug|x64
		{FB03C9C3-E96E-4215-A7FE-A586C35587D5}.Debug|x64.Build.0 = Debug|x64
		{FB03C9C3-E96E-4215-A7FE-A586C35587D5}.Debug|x86.ActiveCfg = Debug|Win32
		{FB03C9C3-E96E-4215-A7FE-A586C35587D5}.Debug|x86.Build.0 = Debug|Win32
		{FB03C9C3-E96E-4215-A7FE-A586C35587D5}.Release|x64.ActiveCfg = Release|x64
		{FB03C9C3-E96E-4215-A7FE-A586C35587D5}.Release|x64.Build.0 = Release|x64
		{FB03C9C3-E96E-4215-A7FE-A586C35587D5}.Release|x86.ActiveCfg = Release|Win32
		{FB03C9C3-E96E-4215-A7FE-A586C35587D5}.Release|x86.Build.0 = Release|Win32
		{4CDF4D78-BEE6-4F01-96BB-EF505040079F}.Debug|x64.ActiveCfg = Debug|x64
		{4CDF4D78-BEE6-4F01-96BB-EF505040079F}.Debug|x64.Build.0 = Debug|x64
		{4CDF4D78-BEE6-4F01-96BB-EF505040079F}.Debug|x86.ActiveCfg = Debug|Win32
		{4CDF4D78-BEE6-4F01-96BB-EF505040079F}.Debug|x86.Build.0 = Debug|Win32
		{4CDF4D78-BEE6-4F01-96BB-EF505040079F}.Release|x64.ActiveCfg = Release|x64
		{4CDF4D78-BEE6-4F01-96BB-EF505040079F}.Release|x64.Build.0 = Release|x64
		{4CDF4D78-BEE6-4F01-96BB-EF505040079F}.Release|x86.ActiveCfg = Release|Win32
		{4CDF4D78-BEE6-4F01-96BB-EF505040079F}.Release|x86.Build.0 = Release|Win32
		{187B75EE-A13C-4A4F-976E-637DDB49123A}.Debug|x64.ActiveCfg = Debug|x64
		{187B75EE-A13C-4A4F-976E-637DDB49123A}.Debug|x64.Build.0 = Debug|x64
		{187B75EE-A13C-4A4F-976E-637DDB49123A}.Debug|x86.ActiveCfg = Debug|Win32
		{187B75EE-A13C-4A4F-976E-637DDB49123A}.Debug|x86.Build.0 = Debug|Win32
		{187B75EE-A13C-4A4F-976E-637DDB49123A}.Release|x64.ActiveCfg = Release|x64
		{187B75EE-A13C-4A4F-976E-637DDB49123A}.Release|x64.Build.0 = Release|x64
		{187B75EE-A13C-4A4F-976E-637DDB49123A}.Release|x86.ActiveCfg = Release|Win32
		{187B75EE-A13C-4A4F-976E-637DDB49123A}.Release|x86.Build.0 = Release|Win32
		{68616D01-ACDD-4D9F-8BA8-9D81C6DA9991}.Debug|x64.ActiveCfg = Debug|x64
		{68616D01-ACDD-4D9F-8BA8-9D81C6DA9991}.Debug|x64.Build.0 = Debug|x64
		{68616D01-ACDD-4D9F-8BA8-9D81C6DA9991}.Debug|x86.ActiveCfg = Debug|Win32
		{68616D01-ACDD-4D9F-8BA8-9D81C6DA9991}.Debug|x86.Build.0 = Debug|Win32
		{68616D01-ACDD-4D9F-8BA8-9D81C6DA9991}.Release|x64.ActiveCfg = Release|x64
		{68616D01-ACDD-4D9F-8BA8-9D81C6DA9991}.Release|x64.Build.0 = Release|x64
		{68616D01-ACDD-4D9F-8BA8-9D81C6DA9991}.Release|x86.ActiveCfg = Release|Win32
		{68616D01-ACDD-4D9F-8BA8-9D81C6DA9991}.Release|x86.Build.0 = Release|Win32
		{9BCC7D7C-BEBC-4B57-95E5-CF6BF6F1F6A9}.Debug|x64.ActiveCfg = Debug|x64
		{9BCC7D7C-BEBC-4B57-95E5-CF6BF6F1F6A9}.Debug|x64.Build.0 = Debug|x64
		{9BCC7D7C-BEBC-4B57-95E5-CF6BF6F1F6A9}.Debug|x86.ActiveCfg = Debug|Win32
		{9BCC7D7C-BEBC-4B57-95E5-CF6BF6F1F6A9}.Debug|x86.Build.0 = Debug|Win32
		{9BCC7D7C-BEBC-4B57-95E5-CF6BF6F1F6A9}.Release|x64.ActiveCfg = Release|x64
		{9BCC7D7C-BEBC-4B57-95E5-CF6BF6F1F6A9}.Release|x64.Build.0 = Release|x64
		{9BCC7D7C-BEBC-4B57-95E5-CF6BF6F1F6A9}.Release|x86.ActiveCfg = Release|Win32
		{9BCC7D7C-BEBC-4B57-95E5-CF6BF6F1F6A9}.Release|x86.Build.0 = Release|Win32
		{C296B88F-6330-43AE-B3B3-D46BEA4550DD}.Debug|x64.ActiveCfg = Debug|x64
		{C296B88F-6330-43AE-B3B3-D46BEA4550DD}.Debug|x64.Build.0 = Debug|x64
		{C296B88F-6330-43AE-B3B3-D46BEA4550DD}.Debug|x86.ActiveCfg = Debug|Win32
		{C296B88F-6330-43AE-B3B3-D46BEA4550DD}.Debug|x86.Build.0 = Debug|Win32
		{C296B88F-6330-43AE-B3B3-D46BEA4550DD}.Release|x64.ActiveCfg = Release|x64
		{C296B88F-6330-43AE-B3B3-D46BEA4550DD}.Release|x64.Build.0 = Release|x64
		{C296B88F-6330-43AE-B3B3-D46BEA4550DD}.Release|x86.ActiveCfg = Release|Win32
		{C296B88F-6330-43AE-B3B3-D46BEA4550DD}.Release|x86.Build.0 = Release|Win32
		{8C3D34E7-3BD9-4BC5-A53C-AD5C9497895C}.Debug|x64.ActiveCfg = Debug|x64
		{8C3D34E7-3BD9-4BC5-A53C-AD5C9497895C}.Debug|x64.Build.0 = Debug|x64
		{8C3D34E7-3BD9-4BC5-A53C-AD5C9497895C}.Debug|x86.ActiveCfg = Debug|Win32
		{8C3D34E7-3BD9-4BC5-A53C-AD5C9497895C}.Debug|x86.Build.0 = Debug|Win32
		{8C3D34E7-3BD9-4BC5-A53C-AD5C9497895C}.Release|x64.ActiveCfg = Release|x64
		{8C3D34E7-3BD9-4BC5-A53C-AD5C9497895C}.Release|x64.Build.0 = Release|x64
		{8C3D34E7-3BD9-4BC5-A53C-AD5C9497895C}.Release|x86.ActiveCfg = Release|Win32
		{8C3D34E7-3BD9-4BC5-A53C-AD5C9497895C}.Release|x86.Build.0 = Release|Win32
		{939F2FFC-A695-4794-BD61-32C6DAE9EC0D}.Debug|x64.ActiveCfg = Debug|x64
		{939F2FFC-A695-4794-BD61-32C6DAE9EC0D}.Debug|x64.Build.0 = Debug|x64
		{939F2FFC-A695-4794-BD61-32C6DAE9EC0D}.Debug|x86.ActiveCfg = Debug|Win32
		{939F2FFC-A695-4794-BD61-32C6DAE9EC0D}.Debug|x86.Build.0 = Debug|Win32
		{939F2FFC-A695-4794-BD61-32C6DAE9EC0D}.Release|x64.ActiveCfg = Release|x64
		{939F2FFC-A695-4794-BD61-32C6DAE9EC0D}.Release|x64.Build.0 = Release|x64
		{939F2FFC-A695-4794-BD61-32C6DAE9EC0D}.Release|x86.ActiveCfg = Release|Win32
		{939F2FFC-A695-4794-BD61-32C6DAE9EC0D}.Release|x86.Build.0 = Release|Win32
		{6525A743-DBBC-4010-AFAD-EAE1C17DA283}.Debug|x64.ActiveCfg = Debug|x64
		{6525A743-DBBC-4010-AFAD-EAE1C17DA283}.Debug|x64.Build.0 = Debug|x64
		{6525A743-DBBC-4010-AFAD-EAE1C17DA283}.Debug|x86.ActiveCfg = Debug|Win32
		{6525A743-DBBC-4010-AFAD-EAE1C17DA283}.Debug|x86.Build.0 = Debug|Win32
		{6525A743-DBBC-4010-AFAD-EAE1C17DA283}.Release|x64.ActiveCfg = Release|x64
		{6525A743-DBBC-4010-AFAD-EAE1C17DA283}.Release|x64.Build.0 = Release|x64
		{6525A743-DBBC-4010-AFAD-EAE1C17DA283}.Release|x86.ActiveCfg = Release|Win32
		{6525A743-DBBC-4010-AFAD-EAE1C17DA283}.Release|x86.Build.0 = Release|Win32
	EndGlobalSection
	GlobalSection(SolutionProperties) = preSolution
		HideSolutionNode = FALSE
	EndGlobalSection
	GlobalSection(NestedProjects) = preSolution
		{7F835C9C-7BB8-4F71-9D92-1B47918DC959} = {EC522CFF-89E6-4ECC-8ADA-79B5BF4A47F2}
		{FB03C9C3-E96E-4215-A7FE-A586C35587D5} = {EC522CFF-89E6-4ECC-8ADA-79B5BF4A47F2}
		{4CDF4D78-BEE6-4F01-96BB-EF505040079F} = {EC522CFF-89E6-4ECC-8ADA-79B5BF4A47F2}
		{187B75EE-A13C-4A4F-976E-637DDB49123A} = {EC522CFF-89E6-4ECC-8ADA-79B5BF4A47F2}
		{68616D01-ACDD-4D9F-8BA8-9D81C6DA9991} = {EC522CFF-89E6-4ECC-8ADA-79B5BF4A47F2}
		{9BCC7D7C-BEBC-4B57-95E5-CF6BF6F1F6A9} = {EC522CFF-89E6-4ECC-8ADA-79B5BF4A47F2}
		{C296B88F-6330-43AE-B3B3-D46BEA4550DD} = {EC522CFF-89E6-4ECC-8ADA-79B5BF4A47F2}
		{8C3D34E7-3BD9-4BC5-A53C-AD5C9497895C} = {EC522CFF-89E6-4ECC-8ADA-79B5BF4A47F2}
		{939F2FFC-A695-4794-BD61-32C6DAE9EC0D} = {EC522CFF-89E6-4ECC-8ADA-79B5BF4A47F2}
		{6525A743-DBBC-4010-AFAD-EAE1C17DA283} = {EC522CFF-89E6-4ECC-8ADA-79B5BF4A47F2}
	EndGlobalSection
	GlobalSection(ExtensibilityGlobals) = postSolution
		SolutionGuid = {5BDA16C9-5A47-4650-A2D2-E62AA0E2009E}
	EndGlobalSection
EndGlobal
