
Microsoft Visual Studio Solution File, Format Version 12.00
# Visual Studio 15
VisualStudioVersion = 15.0.28307.960
MinimumVisualStudioVersion = 10.0.40219.1
Project("{2150E333-8FDC-42A3-9474-1A3956D46DE8}") = "ch03", "ch03", "{DDEC31C7-B9D6-4ED1-91A1-9DC7BCA115BB}"
EndProject
Project("{2150E333-8FDC-42A3-9474-1A3956D46DE8}") = "ch04", "ch04", "{F6F444D3-CDFF-4EB5-879D-7FA6139644AF}"
EndProject
Project("{8BC9CEB8-8B4A-11D0-8D11-00A0C91BC942}") = "ex4_1", "ch04\ex4_1\ex4_1.vcxproj", "{DA0F6392-6C8C-4357-8B8E-58A0B7D358B3}"
EndProject
Project("{8BC9CEB8-8B4A-11D0-8D11-00A0C91BC942}") = "ex4_21", "ch04\ex4_21\ex4_21.vcxproj", "{87EE5E11-3B23-4DC6-BA14-993E5E95E9D6}"
EndProject
Project("{8BC9CEB8-8B4A-11D0-8D11-00A0C91BC942}") = "ex4_22_a", "ch04\ex4_22_a\ex4_22_a.vcxproj", "{1CFF1565-75FA-4213-BCA6-07CE5BB7C89F}"
EndProject
Project("{8BC9CEB8-8B4A-11D0-8D11-00A0C91BC942}") = "ex4_22_b", "ch04\ex4_22_b\ex4_22_b.vcxproj", "{2487B1F5-3126-4CEA-99DD-5AE415962CC6}"
EndProject
Project("{8BC9CEB8-8B4A-11D0-8D11-00A0C91BC942}") = "ex4_13", "ch04\ex4_13\ex4_13.vcxproj", "{B83C7CDE-C875-422A-87CD-2E9DEBD8AED4}"
EndProject
Global
	GlobalSection(SolutionConfigurationPlatforms) = preSolution
		Debug|x64 = Debug|x64
		Debug|x86 = Debug|x86
		Release|x64 = Release|x64
		Release|x86 = Release|x86
	EndGlobalSection
	GlobalSection(ProjectConfigurationPlatforms) = postSolution
		{DA0F6392-6C8C-4357-8B8E-58A0B7D358B3}.Debug|x64.ActiveCfg = Debug|x64
		{DA0F6392-6C8C-4357-8B8E-58A0B7D358B3}.Debug|x64.Build.0 = Debug|x64
		{DA0F6392-6C8C-4357-8B8E-58A0B7D358B3}.Debug|x86.ActiveCfg = Debug|Win32
		{DA0F6392-6C8C-4357-8B8E-58A0B7D358B3}.Debug|x86.Build.0 = Debug|Win32
		{DA0F6392-6C8C-4357-8B8E-58A0B7D358B3}.Release|x64.ActiveCfg = Release|x64
		{DA0F6392-6C8C-4357-8B8E-58A0B7D358B3}.Release|x64.Build.0 = Release|x64
		{DA0F6392-6C8C-4357-8B8E-58A0B7D358B3}.Release|x86.ActiveCfg = Release|Win32
		{DA0F6392-6C8C-4357-8B8E-58A0B7D358B3}.Release|x86.Build.0 = Release|Win32
		{87EE5E11-3B23-4DC6-BA14-993E5E95E9D6}.Debug|x64.ActiveCfg = Debug|x64
		{87EE5E11-3B23-4DC6-BA14-993E5E95E9D6}.Debug|x64.Build.0 = Debug|x64
		{87EE5E11-3B23-4DC6-BA14-993E5E95E9D6}.Debug|x86.ActiveCfg = Debug|Win32
		{87EE5E11-3B23-4DC6-BA14-993E5E95E9D6}.Debug|x86.Build.0 = Debug|Win32
		{87EE5E11-3B23-4DC6-BA14-993E5E95E9D6}.Release|x64.ActiveCfg = Release|x64
		{87EE5E11-3B23-4DC6-BA14-993E5E95E9D6}.Release|x64.Build.0 = Release|x64
		{87EE5E11-3B23-4DC6-BA14-993E5E95E9D6}.Release|x86.ActiveCfg = Release|Win32
		{87EE5E11-3B23-4DC6-BA14-993E5E95E9D6}.Release|x86.Build.0 = Release|Win32
		{1CFF1565-75FA-4213-BCA6-07CE5BB7C89F}.Debug|x64.ActiveCfg = Debug|x64
		{1CFF1565-75FA-4213-BCA6-07CE5BB7C89F}.Debug|x64.Build.0 = Debug|x64
		{1CFF1565-75FA-4213-BCA6-07CE5BB7C89F}.Debug|x86.ActiveCfg = Debug|Win32
		{1CFF1565-75FA-4213-BCA6-07CE5BB7C89F}.Debug|x86.Build.0 = Debug|Win32
		{1CFF1565-75FA-4213-BCA6-07CE5BB7C89F}.Release|x64.ActiveCfg = Release|x64
		{1CFF1565-75FA-4213-BCA6-07CE5BB7C89F}.Release|x64.Build.0 = Release|x64
		{1CFF1565-75FA-4213-BCA6-07CE5BB7C89F}.Release|x86.ActiveCfg = Release|Win32
		{1CFF1565-75FA-4213-BCA6-07CE5BB7C89F}.Release|x86.Build.0 = Release|Win32
		{2487B1F5-3126-4CEA-99DD-5AE415962CC6}.Debug|x64.ActiveCfg = Debug|x64
		{2487B1F5-3126-4CEA-99DD-5AE415962CC6}.Debug|x64.Build.0 = Debug|x64
		{2487B1F5-3126-4CEA-99DD-5AE415962CC6}.Debug|x86.ActiveCfg = Debug|Win32
		{2487B1F5-3126-4CEA-99DD-5AE415962CC6}.Debug|x86.Build.0 = Debug|Win32
		{2487B1F5-3126-4CEA-99DD-5AE415962CC6}.Release|x64.ActiveCfg = Release|x64
		{2487B1F5-3126-4CEA-99DD-5AE415962CC6}.Release|x64.Build.0 = Release|x64
		{2487B1F5-3126-4CEA-99DD-5AE415962CC6}.Release|x86.ActiveCfg = Release|Win32
		{2487B1F5-3126-4CEA-99DD-5AE415962CC6}.Release|x86.Build.0 = Release|Win32
		{B83C7CDE-C875-422A-87CD-2E9DEBD8AED4}.Debug|x64.ActiveCfg = Debug|x64
		{B83C7CDE-C875-422A-87CD-2E9DEBD8AED4}.Debug|x64.Build.0 = Debug|x64
		{B83C7CDE-C875-422A-87CD-2E9DEBD8AED4}.Debug|x86.ActiveCfg = Debug|Win32
		{B83C7CDE-C875-422A-87CD-2E9DEBD8AED4}.Debug|x86.Build.0 = Debug|Win32
		{B83C7CDE-C875-422A-87CD-2E9DEBD8AED4}.Release|x64.ActiveCfg = Release|x64
		{B83C7CDE-C875-422A-87CD-2E9DEBD8AED4}.Release|x64.Build.0 = Release|x64
		{B83C7CDE-C875-422A-87CD-2E9DEBD8AED4}.Release|x86.ActiveCfg = Release|Win32
		{B83C7CDE-C875-422A-87CD-2E9DEBD8AED4}.Release|x86.Build.0 = Release|Win32
	EndGlobalSection
	GlobalSection(SolutionProperties) = preSolution
		HideSolutionNode = FALSE
	EndGlobalSection
	GlobalSection(NestedProjects) = preSolution
		{DA0F6392-6C8C-4357-8B8E-58A0B7D358B3} = {F6F444D3-CDFF-4EB5-879D-7FA6139644AF}
		{87EE5E11-3B23-4DC6-BA14-993E5E95E9D6} = {F6F444D3-CDFF-4EB5-879D-7FA6139644AF}
		{1CFF1565-75FA-4213-BCA6-07CE5BB7C89F} = {F6F444D3-CDFF-4EB5-879D-7FA6139644AF}
		{2487B1F5-3126-4CEA-99DD-5AE415962CC6} = {F6F444D3-CDFF-4EB5-879D-7FA6139644AF}
		{B83C7CDE-C875-422A-87CD-2E9DEBD8AED4} = {F6F444D3-CDFF-4EB5-879D-7FA6139644AF}
	EndGlobalSection
	GlobalSection(ExtensibilityGlobals) = postSolution
		SolutionGuid = {5BDA16C9-5A47-4650-A2D2-E62AA0E2009E}
	EndGlobalSection
EndGlobal
